
Microsoft Visual Studio Solution File, Format Version 12.00
# Visual Studio Version 16
VisualStudioVersion = 16.0.31129.286
MinimumVisualStudioVersion = 10.0.40219.1
Project("{FAE04EC0-301F-11D3-BF4B-00C04F79EFBC}") = "KobeIsNogSteedsCool.UWP", "KobeIsNogSteedsCool\KobeIsNogSteedsCool.UWP\KobeIsNogSteedsCool.UWP.csproj", "{57F1C002-236F-4BAF-BDFD-C1D76AE5E56C}"
EndProject
Project("{FAE04EC0-301F-11D3-BF4B-00C04F79EFBC}") = "KobeIsNogSteedsCool.Android", "KobeIsNogSteedsCool\KobeIsNogSteedsCool.Android\KobeIsNogSteedsCool.Android.csproj", "{0E50153A-372E-4D43-B30A-1E00DE046707}"
EndProject
Project("{FAE04EC0-301F-11D3-BF4B-00C04F79EFBC}") = "KobeIsNogSteedsCool", "KobeIsNogSteedsCool\KobeIsNogSteedsCool\KobeIsNogSteedsCool.csproj", "{625B2D77-1A82-4C7D-BED3-68C5575CDDE3}"
EndProject
Global
	GlobalSection(SolutionConfigurationPlatforms) = preSolution
		Debug|Any CPU = Debug|Any CPU
		Debug|ARM = Debug|ARM
		Debug|x64 = Debug|x64
		Debug|x86 = Debug|x86
		Release|Any CPU = Release|Any CPU
		Release|ARM = Release|ARM
		Release|x64 = Release|x64
		Release|x86 = Release|x86
	EndGlobalSection
	GlobalSection(ProjectConfigurationPlatforms) = postSolution
		{57F1C002-236F-4BAF-BDFD-C1D76AE5E56C}.Debug|Any CPU.ActiveCfg = Debug|x86
		{57F1C002-236F-4BAF-BDFD-C1D76AE5E56C}.Debug|Any CPU.Build.0 = Debug|x86
		{57F1C002-236F-4BAF-BDFD-C1D76AE5E56C}.Debug|Any CPU.Deploy.0 = Debug|x86
		{57F1C002-236F-4BAF-BDFD-C1D76AE5E56C}.Debug|ARM.ActiveCfg = Debug|ARM
		{57F1C002-236F-4BAF-BDFD-C1D76AE5E56C}.Debug|ARM.Build.0 = Debug|ARM
		{57F1C002-236F-4BAF-BDFD-C1D76AE5E56C}.Debug|ARM.Deploy.0 = Debug|ARM
		{57F1C002-236F-4BAF-BDFD-C1D76AE5E56C}.Debug|x64.ActiveCfg = Debug|x64
		{57F1C002-236F-4BAF-BDFD-C1D76AE5E56C}.Debug|x64.Build.0 = Debug|x64
		{57F1C002-236F-4BAF-BDFD-C1D76AE5E56C}.Debug|x64.Deploy.0 = Debug|x64
		{57F1C002-236F-4BAF-BDFD-C1D76AE5E56C}.Debug|x86.ActiveCfg = Debug|x86
		{57F1C002-236F-4BAF-BDFD-C1D76AE5E56C}.Debug|x86.Build.0 = Debug|x86
		{57F1C002-236F-4BAF-BDFD-C1D76AE5E56C}.Debug|x86.Deploy.0 = Debug|x86
		{57F1C002-236F-4BAF-BDFD-C1D76AE5E56C}.Release|Any CPU.ActiveCfg = Release|x86
		{57F1C002-236F-4BAF-BDFD-C1D76AE5E56C}.Release|Any CPU.Build.0 = Release|x86
		{57F1C002-236F-4BAF-BDFD-C1D76AE5E56C}.Release|Any CPU.Deploy.0 = Release|x86
		{57F1C002-236F-4BAF-BDFD-C1D76AE5E56C}.Release|ARM.ActiveCfg = Release|ARM
		{57F1C002-236F-4BAF-BDFD-C1D76AE5E56C}.Release|ARM.Build.0 = Release|ARM
		{57F1C002-236F-4BAF-BDFD-C1D76AE5E56C}.Release|ARM.Deploy.0 = Release|ARM
		{57F1C002-236F-4BAF-BDFD-C1D76AE5E56C}.Release|x64.ActiveCfg = Release|x64
		{57F1C002-236F-4BAF-BDFD-C1D76AE5E56C}.Release|x64.Build.0 = Release|x64
		{57F1C002-236F-4BAF-BDFD-C1D76AE5E56C}.Release|x64.Deploy.0 = Release|x64
		{57F1C002-236F-4BAF-BDFD-C1D76AE5E56C}.Release|x86.ActiveCfg = Release|x86
		{57F1C002-236F-4BAF-BDFD-C1D76AE5E56C}.Release|x86.Build.0 = Release|x86
		{57F1C002-236F-4BAF-BDFD-C1D76AE5E56C}.Release|x86.Deploy.0 = Release|x86
		{0E50153A-372E-4D43-B30A-1E00DE046707}.Debug|Any CPU.ActiveCfg = Debug|Any CPU
		{0E50153A-372E-4D43-B30A-1E00DE046707}.Debug|Any CPU.Build.0 = Debug|Any CPU
		{0E50153A-372E-4D43-B30A-1E00DE046707}.Debug|Any CPU.Deploy.0 = Debug|Any CPU
		{0E50153A-372E-4D43-B30A-1E00DE046707}.Debug|ARM.ActiveCfg = Debug|Any CPU
		{0E50153A-372E-4D43-B30A-1E00DE046707}.Debug|ARM.Build.0 = Debug|Any CPU
		{0E50153A-372E-4D43-B30A-1E00DE046707}.Debug|ARM.Deploy.0 = Debug|Any CPU
		{0E50153A-372E-4D43-B30A-1E00DE046707}.Debug|x64.ActiveCfg = Debug|Any CPU
		{0E50153A-372E-4D43-B30A-1E00DE046707}.Debug|x64.Build.0 = Debug|Any CPU
		{0E50153A-372E-4D43-B30A-1E00DE046707}.Debug|x64.Deploy.0 = Debug|Any CPU
		{0E50153A-372E-4D43-B30A-1E00DE046707}.Debug|x86.ActiveCfg = Debug|Any CPU
		{0E50153A-372E-4D43-B30A-1E00DE046707}.Debug|x86.Build.0 = Debug|Any CPU
		{0E50153A-372E-4D43-B30A-1E00DE046707}.Debug|x86.Deploy.0 = Debug|Any CPU
		{0E50153A-372E-4D43-B30A-1E00DE046707}.Release|Any CPU.ActiveCfg = Release|Any CPU
		{0E50153A-372E-4D43-B30A-1E00DE046707}.Release|Any CPU.Build.0 = Release|Any CPU
		{0E50153A-372E-4D43-B30A-1E00DE046707}.Release|Any CPU.Deploy.0 = Release|Any CPU
		{0E50153A-372E-4D43-B30A-1E00DE046707}.Release|ARM.ActiveCfg = Release|Any CPU
		{0E50153A-372E-4D43-B30A-1E00DE046707}.Release|ARM.Build.0 = Release|Any CPU
		{0E50153A-372E-4D43-B30A-1E00DE046707}.Release|ARM.Deploy.0 = Release|Any CPU
		{0E50153A-372E-4D43-B30A-1E00DE046707}.Release|x64.ActiveCfg = Release|Any CPU
		{0E50153A-372E-4D43-B30A-1E00DE046707}.Release|x64.Build.0 = Release|Any CPU
		{0E50153A-372E-4D43-B30A-1E00DE046707}.Release|x64.Deploy.0 = Release|Any CPU
		{0E50153A-372E-4D43-B30A-1E00DE046707}.Release|x86.ActiveCfg = Release|Any CPU
		{0E50153A-372E-4D43-B30A-1E00DE046707}.Release|x86.Build.0 = Release|Any CPU
		{0E50153A-372E-4D43-B30A-1E00DE046707}.Release|x86.Deploy.0 = Release|Any CPU
		{625B2D77-1A82-4C7D-BED3-68C5575CDDE3}.Debug|Any CPU.ActiveCfg = Debug|Any CPU
		{625B2D77-1A82-4C7D-BED3-68C5575CDDE3}.Debug|Any CPU.Build.0 = Debug|Any CPU
		{625B2D77-1A82-4C7D-BED3-68C5575CDDE3}.Debug|Any CPU.Deploy.0 = Debug|Any CPU
		{625B2D77-1A82-4C7D-BED3-68C5575CDDE3}.Debug|ARM.ActiveCfg = Debug|Any CPU
		{625B2D77-1A82-4C7D-BED3-68C5575CDDE3}.Debug|ARM.Build.0 = Debug|Any CPU
		{625B2D77-1A82-4C7D-BED3-68C5575CDDE3}.Debug|ARM.Deploy.0 = Debug|Any CPU
		{625B2D77-1A82-4C7D-BED3-68C5575CDDE3}.Debug|x64.ActiveCfg = Debug|Any CPU
		{625B2D77-1A82-4C7D-BED3-68C5575CDDE3}.Debug|x64.Build.0 = Debug|Any CPU
		{625B2D77-1A82-4C7D-BED3-68C5575CDDE3}.Debug|x64.Deploy.0 = Debug|Any CPU
		{625B2D77-1A82-4C7D-BED3-68C5575CDDE3}.Debug|x86.ActiveCfg = Debug|Any CPU
		{625B2D77-1A82-4C7D-BED3-68C5575CDDE3}.Debug|x86.Build.0 = Debug|Any CPU
		{625B2D77-1A82-4C7D-BED3-68C5575CDDE3}.Debug|x86.Deploy.0 = Debug|Any CPU
		{625B2D77-1A82-4C7D-BED3-68C5575CDDE3}.Release|Any CPU.ActiveCfg = Release|Any CPU
		{625B2D77-1A82-4C7D-BED3-68C5575CDDE3}.Release|Any CPU.Build.0 = Release|Any CPU
		{625B2D77-1A82-4C7D-BED3-68C5575CDDE3}.Release|Any CPU.Deploy.0 = Release|Any CPU
		{625B2D77-1A82-4C7D-BED3-68C5575CDDE3}.Release|ARM.ActiveCfg = Release|Any CPU
		{625B2D77-1A82-4C7D-BED3-68C5575CDDE3}.Release|ARM.Build.0 = Release|Any CPU
		{625B2D77-1A82-4C7D-BED3-68C5575CDDE3}.Release|ARM.Deploy.0 = Release|Any CPU
		{625B2D77-1A82-4C7D-BED3-68C5575CDDE3}.Release|x64.ActiveCfg = Release|Any CPU
		{625B2D77-1A82-4C7D-BED3-68C5575CDDE3}.Release|x64.Build.0 = Release|Any CPU
		{625B2D77-1A82-4C7D-BED3-68C5575CDDE3}.Release|x64.Deploy.0 = Release|Any CPU
		{625B2D77-1A82-4C7D-BED3-68C5575CDDE3}.Release|x86.ActiveCfg = Release|Any CPU
		{625B2D77-1A82-4C7D-BED3-68C5575CDDE3}.Release|x86.Build.0 = Release|Any CPU
		{625B2D77-1A82-4C7D-BED3-68C5575CDDE3}.Release|x86.Deploy.0 = Release|Any CPU
	EndGlobalSection
	GlobalSection(SolutionProperties) = preSolution
		HideSolutionNode = FALSE
	EndGlobalSection
	GlobalSection(ExtensibilityGlobals) = postSolution
		SolutionGuid = {CB230B41-BAA9-40B9-B7A6-A8033FB73E72}
	EndGlobalSection
EndGlobal
